
Microsoft Visual Studio Solution File, Format Version 12.00
# Visual Studio 15
VisualStudioVersion = 15.0.28307.489
MinimumVisualStudioVersion = 10.0.40219.1
Project("{FAE04EC0-301F-11D3-BF4B-00C04F79EFBC}") = "EFTApp", "EFTApp\EFTApp.csproj", "{15A0FB84-4878-4EA7-BC1F-49A951A18394}"
EndProject
Global
	GlobalSection(SolutionConfigurationPlatforms) = preSolution
		Debug|Any CPU = Debug|Any CPU
		Release|Any CPU = Release|Any CPU
	EndGlobalSection
	GlobalSection(ProjectConfigurationPlatforms) = postSolution
		{15A0FB84-4878-4EA7-BC1F-49A951A18394}.Debug|Any CPU.ActiveCfg = Debug|Any CPU
		{15A0FB84-4878-4EA7-BC1F-49A951A18394}.Debug|Any CPU.Build.0 = Debug|Any CPU
		{15A0FB84-4878-4EA7-BC1F-49A951A18394}.Release|Any CPU.ActiveCfg = Release|Any CPU
		{15A0FB84-4878-4EA7-BC1F-49A951A18394}.Release|Any CPU.Build.0 = Release|Any CPU
	EndGlobalSection
	GlobalSection(SolutionProperties) = preSolution
		HideSolutionNode = FALSE
	EndGlobalSection
	GlobalSection(ExtensibilityGlobals) = postSolution
		SolutionGuid = {CCA6BE85-4E86-4F3A-A36E-0578E919D793}
	EndGlobalSection
EndGlobal
